
Microsoft Visual Studio Solution File, Format Version 12.00
# Visual Studio Version 16
VisualStudioVersion = 16.0.29806.167
MinimumVisualStudioVersion = 10.0.40219.1
Project("{FAE04EC0-301F-11D3-BF4B-00C04F79EFBC}") = "SymmetricEncryption", "SymmetricEncryption\SymmetricEncryption.csproj", "{9E0317EA-3B73-4783-B9A7-D71E381870B0}"
EndProject
Project("{FAE04EC0-301F-11D3-BF4B-00C04F79EFBC}") = "AsymmetricEncryption", "AsymmetricEncryption\AsymmetricEncryption.csproj", "{00906E08-4861-4F35-9E9D-F6AD77496E0D}"
EndProject
Global
	GlobalSection(SolutionConfigurationPlatforms) = preSolution
		Debug|Any CPU = Debug|Any CPU
		Release|Any CPU = Release|Any CPU
	EndGlobalSection
	GlobalSection(ProjectConfigurationPlatforms) = postSolution
		{9E0317EA-3B73-4783-B9A7-D71E381870B0}.Debug|Any CPU.ActiveCfg = Debug|Any CPU
		{9E0317EA-3B73-4783-B9A7-D71E381870B0}.Debug|Any CPU.Build.0 = Debug|Any CPU
		{9E0317EA-3B73-4783-B9A7-D71E381870B0}.Release|Any CPU.ActiveCfg = Release|Any CPU
		{9E0317EA-3B73-4783-B9A7-D71E381870B0}.Release|Any CPU.Build.0 = Release|Any CPU
		{00906E08-4861-4F35-9E9D-F6AD77496E0D}.Debug|Any CPU.ActiveCfg = Debug|Any CPU
		{00906E08-4861-4F35-9E9D-F6AD77496E0D}.Debug|Any CPU.Build.0 = Debug|Any CPU
		{00906E08-4861-4F35-9E9D-F6AD77496E0D}.Release|Any CPU.ActiveCfg = Release|Any CPU
		{00906E08-4861-4F35-9E9D-F6AD77496E0D}.Release|Any CPU.Build.0 = Release|Any CPU
	EndGlobalSection
	GlobalSection(SolutionProperties) = preSolution
		HideSolutionNode = FALSE
	EndGlobalSection
	GlobalSection(ExtensibilityGlobals) = postSolution
		SolutionGuid = {614784C2-7218-484A-B1D4-1EA9545454F3}
	EndGlobalSection
EndGlobal
