
Microsoft Visual Studio Solution File, Format Version 12.00
# Visual Studio Version 16
VisualStudioVersion = 16.0.29728.190
MinimumVisualStudioVersion = 10.0.40219.1
Project("{9A19103F-16F7-4668-BE54-9A1E7A4F7556}") = "ListClassesApp", "ListClassesApp\ListClassesApp.csproj", "{5FC36055-5676-478E-9C4C-56F5885CF3AB}"
EndProject
Project("{FAE04EC0-301F-11D3-BF4B-00C04F79EFBC}") = "ScrambleApp", "ScrambleApp\ScrambleApp.csproj", "{D34651B0-8C9E-4CC2-9669-EC493627A612}"
EndProject
Global
	GlobalSection(SolutionConfigurationPlatforms) = preSolution
		Debug|Any CPU = Debug|Any CPU
		Release|Any CPU = Release|Any CPU
	EndGlobalSection
	GlobalSection(ProjectConfigurationPlatforms) = postSolution
		{5FC36055-5676-478E-9C4C-56F5885CF3AB}.Debug|Any CPU.ActiveCfg = Debug|Any CPU
		{5FC36055-5676-478E-9C4C-56F5885CF3AB}.Debug|Any CPU.Build.0 = Debug|Any CPU
		{5FC36055-5676-478E-9C4C-56F5885CF3AB}.Release|Any CPU.ActiveCfg = Release|Any CPU
		{5FC36055-5676-478E-9C4C-56F5885CF3AB}.Release|Any CPU.Build.0 = Release|Any CPU
		{D34651B0-8C9E-4CC2-9669-EC493627A612}.Debug|Any CPU.ActiveCfg = Debug|Any CPU
		{D34651B0-8C9E-4CC2-9669-EC493627A612}.Debug|Any CPU.Build.0 = Debug|Any CPU
		{D34651B0-8C9E-4CC2-9669-EC493627A612}.Release|Any CPU.ActiveCfg = Release|Any CPU
		{D34651B0-8C9E-4CC2-9669-EC493627A612}.Release|Any CPU.Build.0 = Release|Any CPU
	EndGlobalSection
	GlobalSection(SolutionProperties) = preSolution
		HideSolutionNode = FALSE
	EndGlobalSection
	GlobalSection(ExtensibilityGlobals) = postSolution
		SolutionGuid = {19D4B84D-C832-4600-A42F-D96805EB032C}
	EndGlobalSection
EndGlobal
